// !$*UTF8*$!
{
	archiveVersion = 1;
	classes = {
	};
	objectVersion = 50;
	objects = {

/* Begin PBXBuildFile section */
		CEA3000322E491F500839D32 /* makasete_choiceTests.swift in Sources */ = {isa = PBXBuildFile; fileRef = CEA3000222E491F500839D32 /* makasete_choiceTests.swift */; };
		CEA3000E22E491F500839D32 /* makasete_choiceUITests.swift in Sources */ = {isa = PBXBuildFile; fileRef = CEA3000D22E491F500839D32 /* makasete_choiceUITests.swift */; };
		CEA3FFEE22E491F500839D32 /* AppDelegate.swift in Sources */ = {isa = PBXBuildFile; fileRef = CEA3FFED22E491F500839D32 /* AppDelegate.swift */; };
		CEA3FFF022E491F500839D32 /* ViewController.swift in Sources */ = {isa = PBXBuildFile; fileRef = CEA3FFEF22E491F500839D32 /* ViewController.swift */; };
		CEA3FFF322E491F500839D32 /* Main.storyboard in Resources */ = {isa = PBXBuildFile; fileRef = CEA3FFF122E491F500839D32 /* Main.storyboard */; };
		CEA3FFF522E491F500839D32 /* Assets.xcassets in Resources */ = {isa = PBXBuildFile; fileRef = CEA3FFF422E491F500839D32 /* Assets.xcassets */; };
		CEA3FFF822E491F500839D32 /* LaunchScreen.storyboard in Resources */ = {isa = PBXBuildFile; fileRef = CEA3FFF622E491F500839D32 /* LaunchScreen.storyboard */; };
/* End PBXBuildFile section */

/* Begin PBXContainerItemProxy section */
		CEA3000A22E491F500839D32 /* PBXContainerItemProxy */ = {
			isa = PBXContainerItemProxy;
			containerPortal = CEA3FFE222E491F500839D32 /* Project object */;
			proxyType = 1;
			remoteGlobalIDString = CEA3FFE922E491F500839D32;
			remoteInfo = "makasete-choice";
		};
		CEA3FFFF22E491F500839D32 /* PBXContainerItemProxy */ = {
			isa = PBXContainerItemProxy;
			containerPortal = CEA3FFE222E491F500839D32 /* Project object */;
			proxyType = 1;
			remoteGlobalIDString = CEA3FFE922E491F500839D32;
			remoteInfo = "makasete-choice";
		};
/* End PBXContainerItemProxy section */

/* Begin PBXFileReference section */
		CEA3000222E491F500839D32 /* makasete_choiceTests.swift */ = {isa = PBXFileReference; lastKnownFileType = sourcecode.swift; path = makasete_choiceTests.swift; sourceTree = "<group>"; };
		CEA3000422E491F500839D32 /* Info.plist */ = {isa = PBXFileReference; lastKnownFileType = text.plist.xml; path = Info.plist; sourceTree = "<group>"; };
		CEA3000922E491F500839D32 /* makasete-choiceUITests.xctest */ = {isa = PBXFileReference; explicitFileType = wrapper.cfbundle; includeInIndex = 0; path = "makasete-choiceUITests.xctest"; sourceTree = BUILT_PRODUCTS_DIR; };
		CEA3000D22E491F500839D32 /* makasete_choiceUITests.swift */ = {isa = PBXFileReference; lastKnownFileType = sourcecode.swift; path = makasete_choiceUITests.swift; sourceTree = "<group>"; };
		CEA3000F22E491F500839D32 /* Info.plist */ = {isa = PBXFileReference; lastKnownFileType = text.plist.xml; path = Info.plist; sourceTree = "<group>"; };
		CEA3FFEA22E491F500839D32 /* makasete-choice.app */ = {isa = PBXFileReference; explicitFileType = wrapper.application; includeInIndex = 0; path = "makasete-choice.app"; sourceTree = BUILT_PRODUCTS_DIR; };
		CEA3FFED22E491F500839D32 /* AppDelegate.swift */ = {isa = PBXFileReference; lastKnownFileType = sourcecode.swift; path = AppDelegate.swift; sourceTree = "<group>"; };
		CEA3FFEF22E491F500839D32 /* ViewController.swift */ = {isa = PBXFileReference; lastKnownFileType = sourcecode.swift; path = ViewController.swift; sourceTree = "<group>"; };
		CEA3FFF222E491F500839D32 /* Base */ = {isa = PBXFileReference; lastKnownFileType = file.storyboard; name = Base; path = Base.lproj/Main.storyboard; sourceTree = "<group>"; };
		CEA3FFF422E491F500839D32 /* Assets.xcassets */ = {isa = PBXFileReference; lastKnownFileType = folder.assetcatalog; path = Assets.xcassets; sourceTree = "<group>"; };
		CEA3FFF722E491F500839D32 /* Base */ = {isa = PBXFileReference; lastKnownFileType = file.storyboard; name = Base; path = Base.lproj/LaunchScreen.storyboard; sourceTree = "<group>"; };
		CEA3FFF922E491F500839D32 /* Info.plist */ = {isa = PBXFileReference; lastKnownFileType = text.plist.xml; path = Info.plist; sourceTree = "<group>"; };
		CEA3FFFE22E491F500839D32 /* makasete-choiceTests.xctest */ = {isa = PBXFileReference; explicitFileType = wrapper.cfbundle; includeInIndex = 0; path = "makasete-choiceTests.xctest"; sourceTree = BUILT_PRODUCTS_DIR; };
/* End PBXFileReference section */

/* Begin PBXFrameworksBuildPhase section */
		CEA3000622E491F500839D32 /* Frameworks */ = {
			isa = PBXFrameworksBuildPhase;
			buildActionMask = 2147483647;
			files = (
			);
			runOnlyForDeploymentPostprocessing = 0;
		};
		CEA3FFE722E491F500839D32 /* Frameworks */ = {
			isa = PBXFrameworksBuildPhase;
			buildActionMask = 2147483647;
			files = (
			);
			runOnlyForDeploymentPostprocessing = 0;
		};
		CEA3FFFB22E491F500839D32 /* Frameworks */ = {
			isa = PBXFrameworksBuildPhase;
			buildActionMask = 2147483647;
			files = (
			);
			runOnlyForDeploymentPostprocessing = 0;
		};
/* End PBXFrameworksBuildPhase section */

/* Begin PBXGroup section */
		CEA3000122E491F500839D32 /* makasete-choiceTests */ = {
			isa = PBXGroup;
			children = (
				CEA3000222E491F500839D32 /* makasete_choiceTests.swift */,
				CEA3000422E491F500839D32 /* Info.plist */,
			);
			path = "makasete-choiceTests";
			sourceTree = "<group>";
		};
		CEA3000C22E491F500839D32 /* makasete-choiceUITests */ = {
			isa = PBXGroup;
			children = (
				CEA3000D22E491F500839D32 /* makasete_choiceUITests.swift */,
				CEA3000F22E491F500839D32 /* Info.plist */,
			);
			path = "makasete-choiceUITests";
			sourceTree = "<group>";
		};
		CEA3FFE122E491F500839D32 = {
			isa = PBXGroup;
			children = (
				CEA3FFEC22E491F500839D32 /* makasete-choice */,
				CEA3000122E491F500839D32 /* makasete-choiceTests */,
				CEA3000C22E491F500839D32 /* makasete-choiceUITests */,
				CEA3FFEB22E491F500839D32 /* Products */,
			);
			sourceTree = "<group>";
		};
		CEA3FFEB22E491F500839D32 /* Products */ = {
			isa = PBXGroup;
			children = (
				CEA3FFEA22E491F500839D32 /* makasete-choice.app */,
				CEA3FFFE22E491F500839D32 /* makasete-choiceTests.xctest */,
				CEA3000922E491F500839D32 /* makasete-choiceUITests.xctest */,
			);
			name = Products;
			sourceTree = "<group>";
		};
		CEA3FFEC22E491F500839D32 /* makasete-choice */ = {
			isa = PBXGroup;
			children = (
				CEA3FFED22E491F500839D32 /* AppDelegate.swift */,
				CEA3FFEF22E491F500839D32 /* ViewController.swift */,
				CEA3FFF122E491F500839D32 /* Main.storyboard */,
				CEA3FFF422E491F500839D32 /* Assets.xcassets */,
				CEA3FFF622E491F500839D32 /* LaunchScreen.storyboard */,
				CEA3FFF922E491F500839D32 /* Info.plist */,
			);
			path = "makasete-choice";
			sourceTree = "<group>";
		};
/* End PBXGroup section */

/* Begin PBXNativeTarget section */
		CEA3000822E491F500839D32 /* makasete-choiceUITests */ = {
			isa = PBXNativeTarget;
			buildConfigurationList = CEA3001822E491F500839D32 /* Build configuration list for PBXNativeTarget "makasete-choiceUITests" */;
			buildPhases = (
				CEA3000522E491F500839D32 /* Sources */,
				CEA3000622E491F500839D32 /* Frameworks */,
				CEA3000722E491F500839D32 /* Resources */,
			);
			buildRules = (
			);
			dependencies = (
				CEA3000B22E491F500839D32 /* PBXTargetDependency */,
			);
			name = "makasete-choiceUITests";
			productName = "makasete-choiceUITests";
			productReference = CEA3000922E491F500839D32 /* makasete-choiceUITests.xctest */;
			productType = "com.apple.product-type.bundle.ui-testing";
		};
		CEA3FFE922E491F500839D32 /* makasete-choice */ = {
			isa = PBXNativeTarget;
			buildConfigurationList = CEA3001222E491F500839D32 /* Build configuration list for PBXNativeTarget "makasete-choice" */;
			buildPhases = (
				CEA3FFE622E491F500839D32 /* Sources */,
				CEA3FFE722E491F500839D32 /* Frameworks */,
				CEA3FFE822E491F500839D32 /* Resources */,
			);
			buildRules = (
			);
			dependencies = (
			);
			name = "makasete-choice";
			productName = "makasete-choice";
			productReference = CEA3FFEA22E491F500839D32 /* makasete-choice.app */;
			productType = "com.apple.product-type.application";
		};
		CEA3FFFD22E491F500839D32 /* makasete-choiceTests */ = {
			isa = PBXNativeTarget;
			buildConfigurationList = CEA3001522E491F500839D32 /* Build configuration list for PBXNativeTarget "makasete-choiceTests" */;
			buildPhases = (
				CEA3FFFA22E491F500839D32 /* Sources */,
				CEA3FFFB22E491F500839D32 /* Frameworks */,
				CEA3FFFC22E491F500839D32 /* Resources */,
			);
			buildRules = (
			);
			dependencies = (
				CEA3000022E491F500839D32 /* PBXTargetDependency */,
			);
			name = "makasete-choiceTests";
			productName = "makasete-choiceTests";
			productReference = CEA3FFFE22E491F500839D32 /* makasete-choiceTests.xctest */;
			productType = "com.apple.product-type.bundle.unit-test";
		};
/* End PBXNativeTarget section */

/* Begin PBXProject section */
		CEA3FFE222E491F500839D32 /* Project object */ = {
			isa = PBXProject;
			attributes = {
				LastSwiftUpdateCheck = 1020;
				LastUpgradeCheck = 1020;
				ORGANIZATIONNAME = "能美龍星";
				TargetAttributes = {
					CEA3000822E491F500839D32 = {
						CreatedOnToolsVersion = 10.2.1;
						TestTargetID = CEA3FFE922E491F500839D32;
					};
					CEA3FFE922E491F500839D32 = {
						CreatedOnToolsVersion = 10.2.1;
					};
					CEA3FFFD22E491F500839D32 = {
						CreatedOnToolsVersion = 10.2.1;
						TestTargetID = CEA3FFE922E491F500839D32;
					};
				};
			};
			buildConfigurationList = CEA3FFE522E491F500839D32 /* Build configuration list for PBXProject "makasete-choice" */;
			compatibilityVersion = "Xcode 9.3";
			developmentRegion = en;
			hasScannedForEncodings = 0;
			knownRegions = (
				en,
				Base,
			);
			mainGroup = CEA3FFE122E491F500839D32;
			productRefGroup = CEA3FFEB22E491F500839D32 /* Products */;
			projectDirPath = "";
			projectRoot = "";
			targets = (
				CEA3FFE922E491F500839D32 /* makasete-choice */,
				CEA3FFFD22E491F500839D32 /* makasete-choiceTests */,
				CEA3000822E491F500839D32 /* makasete-choiceUITests */,
			);
		};
/* End PBXProject section */

/* Begin PBXResourcesBuildPhase section */
		CEA3000722E491F500839D32 /* Resources */ = {
			isa = PBXResourcesBuildPhase;
			buildActionMask = 2147483647;
			files = (
			);
			runOnlyForDeploymentPostprocessing = 0;
		};
		CEA3FFE822E491F500839D32 /* Resources */ = {
			isa = PBXResourcesBuildPhase;
			buildActionMask = 2147483647;
			files = (
				CEA3FFF822E491F500839D32 /* LaunchScreen.storyboard in Resources */,
				CEA3FFF522E491F500839D32 /* Assets.xcassets in Resources */,
				CEA3FFF322E491F500839D32 /* Main.storyboard in Resources */,
			);
			runOnlyForDeploymentPostprocessing = 0;
		};
		CEA3FFFC22E491F500839D32 /* Resources */ = {
			isa = PBXResourcesBuildPhase;
			buildActionMask = 2147483647;
			files = (
			);
			runOnlyForDeploymentPostprocessing = 0;
		};
/* End PBXResourcesBuildPhase section */

/* Begin PBXSourcesBuildPhase section */
		CEA3000522E491F500839D32 /* Sources */ = {
			isa = PBXSourcesBuildPhase;
			buildActionMask = 2147483647;
			files = (
				CEA3000E22E491F500839D32 /* makasete_choiceUITests.swift in Sources */,
			);
			runOnlyForDeploymentPostprocessing = 0;
		};
		CEA3FFE622E491F500839D32 /* Sources */ = {
			isa = PBXSourcesBuildPhase;
			buildActionMask = 2147483647;
			files = (
				CEA3FFF022E491F500839D32 /* ViewController.swift in Sources */,
				CEA3FFEE22E491F500839D32 /* AppDelegate.swift in Sources */,
			);
			runOnlyForDeploymentPostprocessing = 0;
		};
		CEA3FFFA22E491F500839D32 /* Sources */ = {
			isa = PBXSourcesBuildPhase;
			buildActionMask = 2147483647;
			files = (
				CEA3000322E491F500839D32 /* makasete_choiceTests.swift in Sources */,
			);
			runOnlyForDeploymentPostprocessing = 0;
		};
/* End PBXSourcesBuildPhase section */

/* Begin PBXTargetDependency section */
		CEA3000022E491F500839D32 /* PBXTargetDependency */ = {
			isa = PBXTargetDependency;
			target = CEA3FFE922E491F500839D32 /* makasete-choice */;
			targetProxy = CEA3FFFF22E491F500839D32 /* PBXContainerItemProxy */;
		};
		CEA3000B22E491F500839D32 /* PBXTargetDependency */ = {
			isa = PBXTargetDependency;
			target = CEA3FFE922E491F500839D32 /* makasete-choice */;
			targetProxy = CEA3000A22E491F500839D32 /* PBXContainerItemProxy */;
		};
/* End PBXTargetDependency section */

/* Begin PBXVariantGroup section */
		CEA3FFF122E491F500839D32 /* Main.storyboard */ = {
			isa = PBXVariantGroup;
			children = (
				CEA3FFF222E491F500839D32 /* Base */,
			);
			name = Main.storyboard;
			sourceTree = "<group>";
		};
		CEA3FFF622E491F500839D32 /* LaunchScreen.storyboard */ = {
			isa = PBXVariantGroup;
			children = (
				CEA3FFF722E491F500839D32 /* Base */,
			);
			name = LaunchScreen.storyboard;
			sourceTree = "<group>";
		};
/* End PBXVariantGroup section */

/* Begin XCBuildConfiguration section */
		CEA3001022E491F500839D32 /* Debug */ = {
			isa = XCBuildConfiguration;
			buildSettings = {
				ALWAYS_SEARCH_USER_PATHS = NO;
				CLANG_ANALYZER_NONNULL = YES;
				CLANG_ANALYZER_NUMBER_OBJECT_CONVERSION = YES_AGGRESSIVE;
				CLANG_CXX_LANGUAGE_STANDARD = "gnu++14";
				CLANG_CXX_LIBRARY = "libc++";
				CLANG_ENABLE_MODULES = YES;
				CLANG_ENABLE_OBJC_ARC = YES;
				CLANG_ENABLE_OBJC_WEAK = YES;
				CLANG_WARN_BLOCK_CAPTURE_AUTORELEASING = YES;
				CLANG_WARN_BOOL_CONVERSION = YES;
				CLANG_WARN_COMMA = YES;
				CLANG_WARN_CONSTANT_CONVERSION = YES;
				CLANG_WARN_DEPRECATED_OBJC_IMPLEMENTATIONS = YES;
				CLANG_WARN_DIRECT_OBJC_ISA_USAGE = YES_ERROR;
				CLANG_WARN_DOCUMENTATION_COMMENTS = YES;
				CLANG_WARN_EMPTY_BODY = YES;
				CLANG_WARN_ENUM_CONVERSION = YES;
				CLANG_WARN_INFINITE_RECURSION = YES;
				CLANG_WARN_INT_CONVERSION = YES;
				CLANG_WARN_NON_LITERAL_NULL_CONVERSION = YES;
				CLANG_WARN_OBJC_IMPLICIT_RETAIN_SELF = YES;
				CLANG_WARN_OBJC_LITERAL_CONVERSION = YES;
				CLANG_WARN_OBJC_ROOT_CLASS = YES_ERROR;
				CLANG_WARN_RANGE_LOOP_ANALYSIS = YES;
				CLANG_WARN_STRICT_PROTOTYPES = YES;
				CLANG_WARN_SUSPICIOUS_MOVE = YES;
				CLANG_WARN_UNGUARDED_AVAILABILITY = YES_AGGRESSIVE;
				CLANG_WARN_UNREACHABLE_CODE = YES;
				CLANG_WARN__DUPLICATE_METHOD_MATCH = YES;
				CODE_SIGN_IDENTITY = "iPhone Developer";
				COPY_PHASE_STRIP = NO;
				DEBUG_INFORMATION_FORMAT = dwarf;
				ENABLE_STRICT_OBJC_MSGSEND = YES;
				ENABLE_TESTABILITY = YES;
				GCC_C_LANGUAGE_STANDARD = gnu11;
				GCC_DYNAMIC_NO_PIC = NO;
				GCC_NO_COMMON_BLOCKS = YES;
				GCC_OPTIMIZATION_LEVEL = 0;
				GCC_PREPROCESSOR_DEFINITIONS = (
					"DEBUG=1",
					"$(inherited)",
				);
				GCC_WARN_64_TO_32_BIT_CONVERSION = YES;
				GCC_WARN_ABOUT_RETURN_TYPE = YES_ERROR;
				GCC_WARN_UNDECLARED_SELECTOR = YES;
				GCC_WARN_UNINITIALIZED_AUTOS = YES_AGGRESSIVE;
				GCC_WARN_UNUSED_FUNCTION = YES;
				GCC_WARN_UNUSED_VARIABLE = YES;
				IPHONEOS_DEPLOYMENT_TARGET = 12.2;
				MTL_ENABLE_DEBUG_INFO = INCLUDE_SOURCE;
				MTL_FAST_MATH = YES;
				ONLY_ACTIVE_ARCH = YES;
				SDKROOT = iphoneos;
				SWIFT_ACTIVE_COMPILATION_CONDITIONS = DEBUG;
				SWIFT_OPTIMIZATION_LEVEL = "-Onone";
			};
			name = Debug;
		};
		CEA3001122E491F500839D32 /* Release */ = {
			isa = XCBuildConfiguration;
			buildSettings = {
				ALWAYS_SEARCH_USER_PATHS = NO;
				CLANG_ANALYZER_NONNULL = YES;
				CLANG_ANALYZER_NUMBER_OBJECT_CONVERSION = YES_AGGRESSIVE;
				CLANG_CXX_LANGUAGE_STANDARD = "gnu++14";
				CLANG_CXX_LIBRARY = "libc++";
				CLANG_ENABLE_MODULES = YES;
				CLANG_ENABLE_OBJC_ARC = YES;
				CLANG_ENABLE_OBJC_WEAK = YES;
				CLANG_WARN_BLOCK_CAPTURE_AUTORELEASING = YES;
				CLANG_WARN_BOOL_CONVERSION = YES;
				CLANG_WARN_COMMA = YES;
				CLANG_WARN_CONSTANT_CONVERSION = YES;
				CLANG_WARN_DEPRECATED_OBJC_IMPLEMENTATIONS = YES;
				CLANG_WARN_DIRECT_OBJC_ISA_USAGE = YES_ERROR;
				CLANG_WARN_DOCUMENTATION_COMMENTS = YES;
				CLANG_WARN_EMPTY_BODY = YES;
				CLANG_WARN_ENUM_CONVERSION = YES;
				CLANG_WARN_INFINITE_RECURSION = YES;
				CLANG_WARN_INT_CONVERSION = YES;
				CLANG_WARN_NON_LITERAL_NULL_CONVERSION = YES;
				CLANG_WARN_OBJC_IMPLICIT_RETAIN_SELF = YES;
				CLANG_WARN_OBJC_LITERAL_CONVERSION = YES;
				CLANG_WARN_OBJC_ROOT_CLASS = YES_ERROR;
				CLANG_WARN_RANGE_LOOP_ANALYSIS = YES;
				CLANG_WARN_STRICT_PROTOTYPES = YES;
				CLANG_WARN_SUSPICIOUS_MOVE = YES;
				CLANG_WARN_UNGUARDED_AVAILABILITY = YES_AGGRESSIVE;
				CLANG_WARN_UNREACHABLE_CODE = YES;
				CLANG_WARN__DUPLICATE_METHOD_MATCH = YES;
				CODE_SIGN_IDENTITY = "iPhone Developer";
				COPY_PHASE_STRIP = NO;
				DEBUG_INFORMATION_FORMAT = "dwarf-with-dsym";
				ENABLE_NS_ASSERTIONS = NO;
				ENABLE_STRICT_OBJC_MSGSEND = YES;
				GCC_C_LANGUAGE_STANDARD = gnu11;
				GCC_NO_COMMON_BLOCKS = YES;
				GCC_WARN_64_TO_32_BIT_CONVERSION = YES;
				GCC_WARN_ABOUT_RETURN_TYPE = YES_ERROR;
				GCC_WARN_UNDECLARED_SELECTOR = YES;
				GCC_WARN_UNINITIALIZED_AUTOS = YES_AGGRESSIVE;
				GCC_WARN_UNUSED_FUNCTION = YES;
				GCC_WARN_UNUSED_VARIABLE = YES;
				IPHONEOS_DEPLOYMENT_TARGET = 12.2;
				MTL_ENABLE_DEBUG_INFO = NO;
				MTL_FAST_MATH = YES;
				SDKROOT = iphoneos;
				SWIFT_COMPILATION_MODE = wholemodule;
				SWIFT_OPTIMIZATION_LEVEL = "-O";
				VALIDATE_PRODUCT = YES;
			};
			name = Release;
		};
		CEA3001322E491F500839D32 /* Debug */ = {
			isa = XCBuildConfiguration;
			buildSettings = {
				ASSETCATALOG_COMPILER_APPICON_NAME = AppIcon;
				CODE_SIGN_STYLE = Automatic;
				DEVELOPMENT_TEAM = VRC3Z3Y9FB;
				INFOPLIST_FILE = "makasete-choice/Info.plist";
				LD_RUNPATH_SEARCH_PATHS = (
					"$(inherited)",
					"@executable_path/Frameworks",
				);
				PRODUCT_BUNDLE_IDENTIFIER = "com..makasete-choice";
				PRODUCT_NAME = "$(TARGET_NAME)";
				SWIFT_VERSION = 5.0;
				TARGETED_DEVICE_FAMILY = "1,2";
			};
			name = Debug;
		};
		CEA3001422E491F500839D32 /* Release */ = {
			isa = XCBuildConfiguration;
			buildSettings = {
				ASSETCATALOG_COMPILER_APPICON_NAME = AppIcon;
				CODE_SIGN_STYLE = Automatic;
				DEVELOPMENT_TEAM = VRC3Z3Y9FB;
				INFOPLIST_FILE = "makasete-choice/Info.plist";
				LD_RUNPATH_SEARCH_PATHS = (
					"$(inherited)",
					"@executable_path/Frameworks",
				);
				PRODUCT_BUNDLE_IDENTIFIER = "com..makasete-choice";
				PRODUCT_NAME = "$(TARGET_NAME)";
				SWIFT_VERSION = 5.0;
				TARGETED_DEVICE_FAMILY = "1,2";
			};
			name = Release;
		};
		CEA3001622E491F500839D32 /* Debug */ = {
			isa = XCBuildConfiguration;
			buildSettings = {
				ALWAYS_EMBED_SWIFT_STANDARD_LIBRARIES = YES;
				BUNDLE_LOADER = "$(TEST_HOST)";
				CODE_SIGN_STYLE = Automatic;
				DEVELOPMENT_TEAM = VRC3Z3Y9FB;
				INFOPLIST_FILE = "makasete-choiceTests/Info.plist";
				LD_RUNPATH_SEARCH_PATHS = (
					"$(inherited)",
					"@executable_path/Frameworks",
					"@loader_path/Frameworks",
				);
				PRODUCT_BUNDLE_IDENTIFIER = "com..makasete-choiceTests";
				PRODUCT_NAME = "$(TARGET_NAME)";
				SWIFT_VERSION = 5.0;
				TARGETED_DEVICE_FAMILY = "1,2";
				TEST_HOST = "$(BUILT_PRODUCTS_DIR)/makasete-choice.app/makasete-choice";
			};
			name = Debug;
		};
		CEA3001722E491F500839D32 /* Release */ = {
			isa = XCBuildConfiguration;
			buildSettings = {
				ALWAYS_EMBED_SWIFT_STANDARD_LIBRARIES = YES;
				BUNDLE_LOADER = "$(TEST_HOST)";
				CODE_SIGN_STYLE = Automatic;
				DEVELOPMENT_TEAM = VRC3Z3Y9FB;
				INFOPLIST_FILE = "makasete-choiceTests/Info.plist";
				LD_RUNPATH_SEARCH_PATHS = (
					"$(inherited)",
					"@executable_path/Frameworks",
					"@loader_path/Frameworks",
				);
				PRODUCT_BUNDLE_IDENTIFIER = "com..makasete-choiceTests";
				PRODUCT_NAME = "$(TARGET_NAME)";
				SWIFT_VERSION = 5.0;
				TARGETED_DEVICE_FAMILY = "1,2";
				TEST_HOST = "$(BUILT_PRODUCTS_DIR)/makasete-choice.app/makasete-choice";
			};
			name = Release;
		};
		CEA3001922E491F500839D32 /* Debug */ = {
			isa = XCBuildConfiguration;
			buildSettings = {
				ALWAYS_EMBED_SWIFT_STANDARD_LIBRARIES = YES;
				CODE_SIGN_STYLE = Automatic;
				DEVELOPMENT_TEAM = VRC3Z3Y9FB;
				INFOPLIST_FILE = "makasete-choiceUITests/Info.plist";
				LD_RUNPATH_SEARCH_PATHS = (
					"$(inherited)",
					"@executable_path/Frameworks",
					"@loader_path/Frameworks",
				);
				PRODUCT_BUNDLE_IDENTIFIER = "com..makasete-choiceUITests";
				PRODUCT_NAME = "$(TARGET_NAME)";
				SWIFT_VERSION = 5.0;
				TARGETED_DEVICE_FAMILY = "1,2";
				TEST_TARGET_NAME = "makasete-choice";
			};
			name = Debug;
		};
		CEA3001A22E491F500839D32 /* Release */ = {
			isa = XCBuildConfiguration;
			buildSettings = {
				ALWAYS_EMBED_SWIFT_STANDARD_LIBRARIES = YES;
				CODE_SIGN_STYLE = Automatic;
				DEVELOPMENT_TEAM = VRC3Z3Y9FB;
				INFOPLIST_FILE = "makasete-choiceUITests/Info.plist";
				LD_RUNPATH_SEARCH_PATHS = (
					"$(inherited)",
					"@executable_path/Frameworks",
					"@loader_path/Frameworks",
				);
				PRODUCT_BUNDLE_IDENTIFIER = "com..makasete-choiceUITests";
				PRODUCT_NAME = "$(TARGET_NAME)";
				SWIFT_VERSION = 5.0;
				TARGETED_DEVICE_FAMILY = "1,2";
				TEST_TARGET_NAME = "makasete-choice";
			};
			name = Release;
		};
/* End XCBuildConfiguration section */

/* Begin XCConfigurationList section */
		CEA3001222E491F500839D32 /* Build configuration list for PBXNativeTarget "makasete-choice" */ = {
			isa = XCConfigurationList;
			buildConfigurations = (
				CEA3001322E491F500839D32 /* Debug */,
				CEA3001422E491F500839D32 /* Release */,
			);
			defaultConfigurationIsVisible = 0;
			defaultConfigurationName = Release;
		};
		CEA3001522E491F500839D32 /* Build configuration list for PBXNativeTarget "makasete-choiceTests" */ = {
			isa = XCConfigurationList;
			buildConfigurations = (
				CEA3001622E491F500839D32 /* Debug */,
				CEA3001722E491F500839D32 /* Release */,
			);
			defaultConfigurationIsVisible = 0;
			defaultConfigurationName = Release;
		};
		CEA3001822E491F500839D32 /* Build configuration list for PBXNativeTarget "makasete-choiceUITests" */ = {
			isa = XCConfigurationList;
			buildConfigurations = (
				CEA3001922E491F500839D32 /* Debug */,
				CEA3001A22E491F500839D32 /* Release */,
			);
			defaultConfigurationIsVisible = 0;
			defaultConfigurationName = Release;
		};
		CEA3FFE522E491F500839D32 /* Build configuration list for PBXProject "makasete-choice" */ = {
			isa = XCConfigurationList;
			buildConfigurations = (
				CEA3001022E491F500839D32 /* Debug */,
				CEA3001122E491F500839D32 /* Release */,
			);
			defaultConfigurationIsVisible = 0;
			defaultConfigurationName = Release;
		};
/* End XCConfigurationList section */
	};
	rootObject = CEA3FFE222E491F500839D32 /* Project object */;
}
